
Microsoft Visual Studio Solution File, Format Version 12.00
# Visual Studio Version 17
VisualStudioVersion = 17.6.33723.286
MinimumVisualStudioVersion = 10.0.40219.1
Project("{FAE04EC0-301F-11D3-BF4B-00C04F79EFBC}") = "NumbersGame", "NumbersGame.csproj", "{901C1FEB-CADF-4E54-A9E8-926D349B9A62}"
EndProject
Global
	GlobalSection(SolutionConfigurationPlatforms) = preSolution
		Debug|Any CPU = Debug|Any CPU
		Release|Any CPU = Release|Any CPU
	EndGlobalSection
	GlobalSection(ProjectConfigurationPlatforms) = postSolution
		{901C1FEB-CADF-4E54-A9E8-926D349B9A62}.Debug|Any CPU.ActiveCfg = Debug|Any CPU
		{901C1FEB-CADF-4E54-A9E8-926D349B9A62}.Debug|Any CPU.Build.0 = Debug|Any CPU
		{901C1FEB-CADF-4E54-A9E8-926D349B9A62}.Release|Any CPU.ActiveCfg = Release|Any CPU
		{901C1FEB-CADF-4E54-A9E8-926D349B9A62}.Release|Any CPU.Build.0 = Release|Any CPU
	EndGlobalSection
	GlobalSection(SolutionProperties) = preSolution
		HideSolutionNode = FALSE
	EndGlobalSection
	GlobalSection(ExtensibilityGlobals) = postSolution
		SolutionGuid = {EDBD69B3-B32D-4192-8F56-E2390438C082}
	EndGlobalSection
EndGlobal
